github.com/hanwen/go-fuse/v2 v2.2.0 h1:jo5QZYmBLNcl9ovypWaQ5yXMSSV+Ch68xoC3rtZvvBM=
github.com/hanwen/go-fuse/v2 v2.2.0/go.mod h1:B1nGE/6RBFyBRC1RRnf23UpwCdyJ31eukw34oAKukAc=
github.com/hanwen/go-fuse/v2 v2.3.0 h1:t5ivNIH2PK+zw4OBul/iJjsoG9K6kXo4nMDoBpciC8A=
github.com/hanwen/go-fuse/v2 v2.3.0/go.mod h1:xKwi1cF7nXAOBCXujD5ie0ZKsxc8GGSA1rlMJc+8IJs=
github.com/hanwen/go-fuse/v2 v2.4.0 h1:12OhD7CkXXQdvxG2osIdBQLdXh+nmLXY9unkUIe/xaU=
github.com/hanwen/go-fuse/v2 v2.4.0/go.mod h1:xKwi1cF7nXAOBCXujD5ie0ZKsxc8GGSA1rlMJc+8IJs=
github.com/hanwen/go-fuse/v2 v2.4.1 h1:/iB2ENOCPamqovm4AaXhEkXaX5fGAG0At1F6b7Ve0sE=
github.com/hanwen/go-fuse/v2 v2.4.1/go.mod h1:xKwi1cF7nXAOBCXujD5ie0ZKsxc8GGSA1rlMJc+8IJs=
github.com/hanwen/go-fuse/v2 v2.4.2 h1:ujevavwvGMg4s1TTSGWqid0q7WHk0XC8EOzHtygnt9E=
github.com/hanwen/go-fuse/v2 v2.4.2/go.mod h1:xKwi1cF7nXAOBCXujD5ie0ZKsxc8GGSA1rlMJc+8IJs=
github.com/hanwen/go-fuse/v2 v2.5.0 h1:JSJcwHQ1V9EGRy6QsosoLDMX6HaLdzyLOJpKdPqDt9k=
github.com/hanwen/go-fuse/v2 v2.5.0/go.mod h1:xKwi1cF7nXAOBCXujD5ie0ZKsxc8GGSA1rlMJc+8IJs=
github.com/hanwen/go-fuse/v2 v2.5.1 h1:OQBE8zVemSocRxA4OaFJbjJ5hlpCmIWbGr7r0M4uoQQ=
github.com/hanwen/go-fuse/v2 v2.5.1/go.mod h1:xKwi1cF7nXAOBCXujD5ie0ZKsxc8GGSA1rlMJc+8IJs=
github.com/hanwen/go-fuse/v2 v2.6.1 h1:F3RUMbAuRhVTi3fvgf8HjMPvOm9xEv5wjuy/AXJtEwI=
github.com/hanwen/go-fuse/v2 v2.6.1/go.mod h1:ugNaD/iv5JYyS1Rcvi57Wz7/vrLQJo10mmketmoef48=
github.com/hanwen/go-fuse/v2 v2.6.2 h1:Lm0ZDfKYCvdh9pGSv+l4YpuMeR+Q87ArPWh6hWpRPPQ=
github.com/hanwen/go-fuse/v2 v2.6.2/go.mod h1:ugNaD/iv5JYyS1Rcvi57Wz7/vrLQJo10mmketmoef48=
github.com/hanwen/go-fuse/v2 v2.6.3 h1:tDcEkLRx93lXu4XyN1/j8Z74VWvhHDl6qU1kNnvFUqI=
github.com/hanwen/go-fuse/v2 v2.6.3/go.mod h1:ugNaD/iv5JYyS1Rcvi57Wz7/vrLQJo10mmketmoef48=
github.com/kardianos/osext v0.0.0-20190222173326-2bc1f35cddc0 h1:iQTw/8FWTuc7uiaSepXwyf3o52HaUYcV+Tu66S3F5GA=
github.com/kardianos/osext v0.0.0-20190222173326-2bc1f35cddc0/go.mod h1:1NbS8ALrpOvjt0rHPNLyCIeMtbizbir8U//inJ+zuB8=
github.com/kylelemons/godebug v0.0.0-20170820004349-d65d576e9348 h1:MtvEpTB6LX3vkb4ax0b5D2DHbNAUsen0Gx5wZoq3lV4=
github.com/kylelemons/godebug v0.0.0-20170820004349-d65d576e9348/go.mod h1:B69LEHPfb2qLo0BaaOLcbitczOKLWTsrBG9LczfCD4k=
github.com/moby/sys/mountinfo v0.6.2/go.mod h1:IJb6JQeOklcdMU9F5xQ8ZALD+CUr5VlGpwtX+VE0rpI=
github.com/sevlyar/go-daemon v0.1.6 h1:EUh1MDjEM4BI109Jign0EaknA2izkOyi0LV3ro3QQGs=
github.com/sevlyar/go-daemon v0.1.6/go.mod h1:6dJpPatBT9eUwM5VCw9Bt6CdX9Tk6UWvhW3MebLDRKE=
golang.org/x/sync v0.0.0-20201207232520-09787c993a3a/go.mod h1:RxMgew5VJxzue5/jJTE5uejpjVlOe/izrB70Jof72aM=
golang.org/x/sys v0.0.0-20180830151530-49385e6e1522 h1:Ve1ORMCxvRmSXBwJK+t3Oy+V2vRW2OetUQBq4rJIkZE=
golang.org/x/sys v0.0.0-20180830151530-49385e6e1522/go.mod h1:STP8DvDyc/dI5b8T5hshtkjS+E42TnysNCUPdjciGhY=
golang.org/x/sys v0.0.0-20220520151302-bc2c85ada10a h1:dGzPydgVsqGcTRVwiLJ1jVbufYwmzD3LfVPLKsKg+0k=
golang.org/x/sys v0.0.0-20220520151302-bc2c85ada10a/go.mod h1:oPkhp1MJrh7nUepCBck5+mAzfO9JrbApNNgaTdGDITg=
gopkg.in/check.v1 v0.0.0-20161208181325-20d25e280405 h1:yhCVgyC4o1eVCa2tZl7eS0r+SDo693bJlVdllGtEeKM=
gopkg.in/check.v1 v0.0.0-20161208181325-20d25e280405/go.mod h1:Co6ibVJAznAaIkqp8huTwlJQCZ016jof/cbN4VW5Yz0=
gopkg.in/yaml.v3 v3.0.1 h1:fxVm/GzAzEWqLHuvctI91KS9hhNmmWOoWu0XTYJS7CA=
gopkg.in/yaml.v3 v3.0.1/go.mod h1:K4uyk7z7BCEPqu6E+C64Yfv1cQ7kz7rIZviUmN+EgEM=
